// !$*UTF8*$!
{
	archiveVersion = 1;
	classes = {
	};
	objectVersion = 56;
	objects = {

/* Begin PBXBuildFile section */
		893611B42B65462000127FA6 /* SwiftKit.h in Headers */ = {isa = PBXBuildFile; fileRef = 893611B32B65462000127FA6 /* SwiftKit.h */; settings = {ATTRIBUTES = (Public, ); }; };
		893611CA2B65462E00127FA6 /* UIColor+Convenient.swift in Sources */ = {isa = PBXBuildFile; fileRef = 893611BD2B65462E00127FA6 /* UIColor+Convenient.swift */; };
		893611CB2B65462E00127FA6 /* UITableView+Convenient.swift in Sources */ = {isa = PBXBuildFile; fileRef = 893611BE2B65462E00127FA6 /* UITableView+Convenient.swift */; };
		893611CC2B65462E00127FA6 /* UICollectionView+Convenient.swift in Sources */ = {isa = PBXBuildFile; fileRef = 893611BF2B65462E00127FA6 /* UICollectionView+Convenient.swift */; };
		893611CD2B65462E00127FA6 /* String+Convenient.swift in Sources */ = {isa = PBXBuildFile; fileRef = 893611C12B65462E00127FA6 /* String+Convenient.swift */; };
		893611CE2B65462E00127FA6 /* Array+Convenient.swift in Sources */ = {isa = PBXBuildFile; fileRef = 893611C22B65462E00127FA6 /* Array+Convenient.swift */; };
		893611CF2B65462E00127FA6 /* Int+Convenient.swift in Sources */ = {isa = PBXBuildFile; fileRef = 893611C32B65462E00127FA6 /* Int+Convenient.swift */; };
		893611D02B65462E00127FA6 /* Data+Convenient.swift in Sources */ = {isa = PBXBuildFile; fileRef = 893611C42B65462E00127FA6 /* Data+Convenient.swift */; };
		893611D12B65462E00127FA6 /* Double+Convenient.swift in Sources */ = {isa = PBXBuildFile; fileRef = 893611C52B65462E00127FA6 /* Double+Convenient.swift */; };
		893611D22B65462E00127FA6 /* Date+Convenient.swift in Sources */ = {isa = PBXBuildFile; fileRef = 893611C62B65462E00127FA6 /* Date+Convenient.swift */; };
		893611D32B65462E00127FA6 /* Dictionary+Convenient.swift in Sources */ = {isa = PBXBuildFile; fileRef = 893611C72B65462E00127FA6 /* Dictionary+Convenient.swift */; };
		893611D42B65462E00127FA6 /* TimeInterval+Convenient.swift in Sources */ = {isa = PBXBuildFile; fileRef = 893611C82B65462E00127FA6 /* TimeInterval+Convenient.swift */; };
		893611DC2B65466200127FA6 /* ExampleApp.swift in Sources */ = {isa = PBXBuildFile; fileRef = 893611DB2B65466200127FA6 /* ExampleApp.swift */; };
		893611DE2B65466200127FA6 /* ContentView.swift in Sources */ = {isa = PBXBuildFile; fileRef = 893611DD2B65466200127FA6 /* ContentView.swift */; };
		893611E02B65466400127FA6 /* Assets.xcassets in Resources */ = {isa = PBXBuildFile; fileRef = 893611DF2B65466400127FA6 /* Assets.xcassets */; };
		893611E32B65466400127FA6 /* Preview Assets.xcassets in Resources */ = {isa = PBXBuildFile; fileRef = 893611E22B65466400127FA6 /* Preview Assets.xcassets */; };
		894D51CE2B8C2A9400B96DCD /* SKSelfSizeTableView.swift in Sources */ = {isa = PBXBuildFile; fileRef = 894D51CD2B8C2A9400B96DCD /* SKSelfSizeTableView.swift */; };
		894D51D52B8C525B00B96DCD /* NotificationCenter+Convenient.swift in Sources */ = {isa = PBXBuildFile; fileRef = 894D51D42B8C525B00B96DCD /* NotificationCenter+Convenient.swift */; };
		8970A7102B8884B5001F6A3A /* SKTableViewCell.swift in Sources */ = {isa = PBXBuildFile; fileRef = 8970A70F2B8884B5001F6A3A /* SKTableViewCell.swift */; };
		8970A7122B8884CD001F6A3A /* SKTableView.swift in Sources */ = {isa = PBXBuildFile; fileRef = 8970A7112B8884CD001F6A3A /* SKTableView.swift */; };
		8970A7232B889D02001F6A3A /* SKView.swift in Sources */ = {isa = PBXBuildFile; fileRef = 8970A7222B889D02001F6A3A /* SKView.swift */; };
		898EC98E2B7B843100D7DAC3 /* AppDelegate.swift in Sources */ = {isa = PBXBuildFile; fileRef = 898EC98D2B7B843100D7DAC3 /* AppDelegate.swift */; };
		898EC9902B7B843100D7DAC3 /* SceneDelegate.swift in Sources */ = {isa = PBXBuildFile; fileRef = 898EC98F2B7B843100D7DAC3 /* SceneDelegate.swift */; };
		898EC9922B7B843100D7DAC3 /* ViewController.swift in Sources */ = {isa = PBXBuildFile; fileRef = 898EC9912B7B843100D7DAC3 /* ViewController.swift */; };
		898EC9952B7B843100D7DAC3 /* Main.storyboard in Resources */ = {isa = PBXBuildFile; fileRef = 898EC9932B7B843100D7DAC3 /* Main.storyboard */; };
		898EC9972B7B843200D7DAC3 /* Assets.xcassets in Resources */ = {isa = PBXBuildFile; fileRef = 898EC9962B7B843200D7DAC3 /* Assets.xcassets */; };
		898EC99A2B7B843200D7DAC3 /* LaunchScreen.storyboard in Resources */ = {isa = PBXBuildFile; fileRef = 898EC9982B7B843200D7DAC3 /* LaunchScreen.storyboard */; };
		898EC9A02B7B857F00D7DAC3 /* Optional+Convenient.swift in Sources */ = {isa = PBXBuildFile; fileRef = 898EC99F2B7B857F00D7DAC3 /* Optional+Convenient.swift */; };
		898ECF622B7B87B600D7DAC3 /* UIView+Convenient.swift in Sources */ = {isa = PBXBuildFile; fileRef = 898ECF612B7B87B600D7DAC3 /* UIView+Convenient.swift */; };
		898ECF642B7B8D3E00D7DAC3 /* Constants.swift in Sources */ = {isa = PBXBuildFile; fileRef = 898ECF632B7B8D3E00D7DAC3 /* Constants.swift */; };
/* End PBXBuildFile section */

/* Begin PBXFileReference section */
		893611B02B65462000127FA6 /* SwiftKit.framework */ = {isa = PBXFileReference; explicitFileType = wrapper.framework; includeInIndex = 0; path = SwiftKit.framework; sourceTree = BUILT_PRODUCTS_DIR; };
		893611B32B65462000127FA6 /* SwiftKit.h */ = {isa = PBXFileReference; lastKnownFileType = sourcecode.c.h; path = SwiftKit.h; sourceTree = "<group>"; };
		893611BD2B65462E00127FA6 /* UIColor+Convenient.swift */ = {isa = PBXFileReference; fileEncoding = 4; lastKnownFileType = sourcecode.swift; path = "UIColor+Convenient.swift"; sourceTree = "<group>"; };
		893611BE2B65462E00127FA6 /* UITableView+Convenient.swift */ = {isa = PBXFileReference; fileEncoding = 4; lastKnownFileType = sourcecode.swift; path = "UITableView+Convenient.swift"; sourceTree = "<group>"; };
		893611BF2B65462E00127FA6 /* UICollectionView+Convenient.swift */ = {isa = PBXFileReference; fileEncoding = 4; lastKnownFileType = sourcecode.swift; path = "UICollectionView+Convenient.swift"; sourceTree = "<group>"; };
		893611C12B65462E00127FA6 /* String+Convenient.swift */ = {isa = PBXFileReference; fileEncoding = 4; lastKnownFileType = sourcecode.swift; path = "String+Convenient.swift"; sourceTree = "<group>"; };
		893611C22B65462E00127FA6 /* Array+Convenient.swift */ = {isa = PBXFileReference; fileEncoding = 4; lastKnownFileType = sourcecode.swift; path = "Array+Convenient.swift"; sourceTree = "<group>"; };
		893611C32B65462E00127FA6 /* Int+Convenient.swift */ = {isa = PBXFileReference; fileEncoding = 4; lastKnownFileType = sourcecode.swift; path = "Int+Convenient.swift"; sourceTree = "<group>"; };
		893611C42B65462E00127FA6 /* Data+Convenient.swift */ = {isa = PBXFileReference; fileEncoding = 4; lastKnownFileType = sourcecode.swift; path = "Data+Convenient.swift"; sourceTree = "<group>"; };
		893611C52B65462E00127FA6 /* Double+Convenient.swift */ = {isa = PBXFileReference; fileEncoding = 4; lastKnownFileType = sourcecode.swift; path = "Double+Convenient.swift"; sourceTree = "<group>"; };
		893611C62B65462E00127FA6 /* Date+Convenient.swift */ = {isa = PBXFileReference; fileEncoding = 4; lastKnownFileType = sourcecode.swift; path = "Date+Convenient.swift"; sourceTree = "<group>"; };
		893611C72B65462E00127FA6 /* Dictionary+Convenient.swift */ = {isa = PBXFileReference; fileEncoding = 4; lastKnownFileType = sourcecode.swift; path = "Dictionary+Convenient.swift"; sourceTree = "<group>"; };
		893611C82B65462E00127FA6 /* TimeInterval+Convenient.swift */ = {isa = PBXFileReference; fileEncoding = 4; lastKnownFileType = sourcecode.swift; path = "TimeInterval+Convenient.swift"; sourceTree = "<group>"; };
		893611D92B65466200127FA6 /* Example.app */ = {isa = PBXFileReference; explicitFileType = wrapper.application; includeInIndex = 0; path = Example.app; sourceTree = BUILT_PRODUCTS_DIR; };
		893611DB2B65466200127FA6 /* ExampleApp.swift */ = {isa = PBXFileReference; lastKnownFileType = sourcecode.swift; path = ExampleApp.swift; sourceTree = "<group>"; };
		893611DD2B65466200127FA6 /* ContentView.swift */ = {isa = PBXFileReference; lastKnownFileType = sourcecode.swift; path = ContentView.swift; sourceTree = "<group>"; };
		893611DF2B65466400127FA6 /* Assets.xcassets */ = {isa = PBXFileReference; lastKnownFileType = folder.assetcatalog; path = Assets.xcassets; sourceTree = "<group>"; };
		893611E22B65466400127FA6 /* Preview Assets.xcassets */ = {isa = PBXFileReference; lastKnownFileType = folder.assetcatalog; path = "Preview Assets.xcassets"; sourceTree = "<group>"; };
		894D51CD2B8C2A9400B96DCD /* SKSelfSizeTableView.swift */ = {isa = PBXFileReference; lastKnownFileType = sourcecode.swift; path = SKSelfSizeTableView.swift; sourceTree = "<group>"; };
		894D51D42B8C525B00B96DCD /* NotificationCenter+Convenient.swift */ = {isa = PBXFileReference; lastKnownFileType = sourcecode.swift; path = "NotificationCenter+Convenient.swift"; sourceTree = "<group>"; };
		8970A70F2B8884B5001F6A3A /* SKTableViewCell.swift */ = {isa = PBXFileReference; lastKnownFileType = sourcecode.swift; path = SKTableViewCell.swift; sourceTree = "<group>"; };
		8970A7112B8884CD001F6A3A /* SKTableView.swift */ = {isa = PBXFileReference; lastKnownFileType = sourcecode.swift; path = SKTableView.swift; sourceTree = "<group>"; };
		8970A7222B889D02001F6A3A /* SKView.swift */ = {isa = PBXFileReference; lastKnownFileType = sourcecode.swift; path = SKView.swift; sourceTree = "<group>"; };
		898EC98B2B7B843100D7DAC3 /* UIKitDemo.app */ = {isa = PBXFileReference; explicitFileType = wrapper.application; includeInIndex = 0; path = UIKitDemo.app; sourceTree = BUILT_PRODUCTS_DIR; };
		898EC98D2B7B843100D7DAC3 /* AppDelegate.swift */ = {isa = PBXFileReference; lastKnownFileType = sourcecode.swift; path = AppDelegate.swift; sourceTree = "<group>"; };
		898EC98F2B7B843100D7DAC3 /* SceneDelegate.swift */ = {isa = PBXFileReference; lastKnownFileType = sourcecode.swift; path = SceneDelegate.swift; sourceTree = "<group>"; };
		898EC9912B7B843100D7DAC3 /* ViewController.swift */ = {isa = PBXFileReference; lastKnownFileType = sourcecode.swift; path = ViewController.swift; sourceTree = "<group>"; };
		898EC9942B7B843100D7DAC3 /* Base */ = {isa = PBXFileReference; lastKnownFileType = file.storyboard; name = Base; path = Base.lproj/Main.storyboard; sourceTree = "<group>"; };
		898EC9962B7B843200D7DAC3 /* Assets.xcassets */ = {isa = PBXFileReference; lastKnownFileType = folder.assetcatalog; path = Assets.xcassets; sourceTree = "<group>"; };
		898EC9992B7B843200D7DAC3 /* Base */ = {isa = PBXFileReference; lastKnownFileType = file.storyboard; name = Base; path = Base.lproj/LaunchScreen.storyboard; sourceTree = "<group>"; };
		898EC99B2B7B843200D7DAC3 /* Info.plist */ = {isa = PBXFileReference; lastKnownFileType = text.plist.xml; path = Info.plist; sourceTree = "<group>"; };
		898EC99F2B7B857F00D7DAC3 /* Optional+Convenient.swift */ = {isa = PBXFileReference; lastKnownFileType = sourcecode.swift; path = "Optional+Convenient.swift"; sourceTree = "<group>"; };
		898ECF612B7B87B600D7DAC3 /* UIView+Convenient.swift */ = {isa = PBXFileReference; lastKnownFileType = sourcecode.swift; path = "UIView+Convenient.swift"; sourceTree = "<group>"; };
		898ECF632B7B8D3E00D7DAC3 /* Constants.swift */ = {isa = PBXFileReference; lastKnownFileType = sourcecode.swift; path = Constants.swift; sourceTree = "<group>"; };
/* End PBXFileReference section */

/* Begin PBXFrameworksBuildPhase section */
		893611AD2B65462000127FA6 /* Frameworks */ = {
			isa = PBXFrameworksBuildPhase;
			buildActionMask = 2147483647;
			files = (
			);
			runOnlyForDeploymentPostprocessing = 0;
		};
		893611D62B65466200127FA6 /* Frameworks */ = {
			isa = PBXFrameworksBuildPhase;
			buildActionMask = 2147483647;
			files = (
			);
			runOnlyForDeploymentPostprocessing = 0;
		};
		898EC9882B7B843100D7DAC3 /* Frameworks */ = {
			isa = PBXFrameworksBuildPhase;
			buildActionMask = 2147483647;
			files = (
			);
			runOnlyForDeploymentPostprocessing = 0;
		};
/* End PBXFrameworksBuildPhase section */

/* Begin PBXGroup section */
		893611A62B65462000127FA6 = {
			isa = PBXGroup;
			children = (
				893611B22B65462000127FA6 /* SwiftKit */,
				893611DA2B65466200127FA6 /* Example */,
				898EC98C2B7B843100D7DAC3 /* UIKitDemo */,
				893611B12B65462000127FA6 /* Products */,
			);
			sourceTree = "<group>";
		};
		893611B12B65462000127FA6 /* Products */ = {
			isa = PBXGroup;
			children = (
				893611B02B65462000127FA6 /* SwiftKit.framework */,
				893611D92B65466200127FA6 /* Example.app */,
				898EC98B2B7B843100D7DAC3 /* UIKitDemo.app */,
			);
			name = Products;
			sourceTree = "<group>";
		};
		893611B22B65462000127FA6 /* SwiftKit */ = {
			isa = PBXGroup;
			children = (
				8970A70D2B88848C001F6A3A /* UIKit */,
				893611BA2B65462E00127FA6 /* Extensions */,
				893611B32B65462000127FA6 /* SwiftKit.h */,
			);
			path = SwiftKit;
			sourceTree = "<group>";
		};
		893611BA2B65462E00127FA6 /* Extensions */ = {
			isa = PBXGroup;
			children = (
				893611BB2B65462E00127FA6 /* UIKit */,
				893611C02B65462E00127FA6 /* Foundation */,
				898ECF632B7B8D3E00D7DAC3 /* Constants.swift */,
			);
			path = Extensions;
			sourceTree = "<group>";
		};
		893611BB2B65462E00127FA6 /* UIKit */ = {
			isa = PBXGroup;
			children = (
				893611BD2B65462E00127FA6 /* UIColor+Convenient.swift */,
				893611BE2B65462E00127FA6 /* UITableView+Convenient.swift */,
				893611BF2B65462E00127FA6 /* UICollectionView+Convenient.swift */,
				898ECF612B7B87B600D7DAC3 /* UIView+Convenient.swift */,
			);
			path = UIKit;
			sourceTree = "<group>";
		};
		893611C02B65462E00127FA6 /* Foundation */ = {
			isa = PBXGroup;
			children = (
				893611C12B65462E00127FA6 /* String+Convenient.swift */,
				893611C22B65462E00127FA6 /* Array+Convenient.swift */,
				893611C32B65462E00127FA6 /* Int+Convenient.swift */,
				893611C42B65462E00127FA6 /* Data+Convenient.swift */,
				893611C52B65462E00127FA6 /* Double+Convenient.swift */,
				893611C62B65462E00127FA6 /* Date+Convenient.swift */,
				893611C72B65462E00127FA6 /* Dictionary+Convenient.swift */,
				893611C82B65462E00127FA6 /* TimeInterval+Convenient.swift */,
				898EC99F2B7B857F00D7DAC3 /* Optional+Convenient.swift */,
				894D51D42B8C525B00B96DCD /* NotificationCenter+Convenient.swift */,
			);
			path = Foundation;
			sourceTree = "<group>";
		};
		893611DA2B65466200127FA6 /* Example */ = {
			isa = PBXGroup;
			children = (
				893611DB2B65466200127FA6 /* ExampleApp.swift */,
				893611DD2B65466200127FA6 /* ContentView.swift */,
				893611DF2B65466400127FA6 /* Assets.xcassets */,
				893611E12B65466400127FA6 /* Preview Content */,
			);
			path = Example;
			sourceTree = "<group>";
		};
		893611E12B65466400127FA6 /* Preview Content */ = {
			isa = PBXGroup;
			children = (
				893611E22B65466400127FA6 /* Preview Assets.xcassets */,
			);
			path = "Preview Content";
			sourceTree = "<group>";
		};
		8970A70D2B88848C001F6A3A /* UIKit */ = {
			isa = PBXGroup;
			children = (
				8970A7212B889CE6001F6A3A /* UIView */,
				8970A70E2B888499001F6A3A /* TableView */,
			);
			path = UIKit;
			sourceTree = "<group>";
		};
		8970A70E2B888499001F6A3A /* TableView */ = {
			isa = PBXGroup;
			children = (
				8970A70F2B8884B5001F6A3A /* SKTableViewCell.swift */,
				8970A7112B8884CD001F6A3A /* SKTableView.swift */,
				894D51CD2B8C2A9400B96DCD /* SKSelfSizeTableView.swift */,
			);
			path = TableView;
			sourceTree = "<group>";
		};
		8970A7212B889CE6001F6A3A /* UIView */ = {
			isa = PBXGroup;
			children = (
				8970A7222B889D02001F6A3A /* SKView.swift */,
			);
			path = UIView;
			sourceTree = "<group>";
		};
		898EC98C2B7B843100D7DAC3 /* UIKitDemo */ = {
			isa = PBXGroup;
			children = (
				898EC98D2B7B843100D7DAC3 /* AppDelegate.swift */,
				898EC98F2B7B843100D7DAC3 /* SceneDelegate.swift */,
				898EC9912B7B843100D7DAC3 /* ViewController.swift */,
				898EC9932B7B843100D7DAC3 /* Main.storyboard */,
				898EC9962B7B843200D7DAC3 /* Assets.xcassets */,
				898EC9982B7B843200D7DAC3 /* LaunchScreen.storyboard */,
				898EC99B2B7B843200D7DAC3 /* Info.plist */,
			);
			path = UIKitDemo;
			sourceTree = "<group>";
		};
/* End PBXGroup section */

/* Begin PBXHeadersBuildPhase section */
		893611AB2B65462000127FA6 /* Headers */ = {
			isa = PBXHeadersBuildPhase;
			buildActionMask = 2147483647;
			files = (
				893611B42B65462000127FA6 /* SwiftKit.h in Headers */,
			);
			runOnlyForDeploymentPostprocessing = 0;
		};
/* End PBXHeadersBuildPhase section */

/* Begin PBXNativeTarget section */
		893611AF2B65462000127FA6 /* SwiftKit */ = {
			isa = PBXNativeTarget;
			buildConfigurationList = 893611B72B65462000127FA6 /* Build configuration list for PBXNativeTarget "SwiftKit" */;
			buildPhases = (
				893611AB2B65462000127FA6 /* Headers */,
				893611AC2B65462000127FA6 /* Sources */,
				893611AD2B65462000127FA6 /* Frameworks */,
				893611AE2B65462000127FA6 /* Resources */,
			);
			buildRules = (
			);
			dependencies = (
			);
			name = SwiftKit;
			productName = SwiftKit;
			productReference = 893611B02B65462000127FA6 /* SwiftKit.framework */;
			productType = "com.apple.product-type.framework";
		};
		893611D82B65466200127FA6 /* Example */ = {
			isa = PBXNativeTarget;
			buildConfigurationList = 893611E42B65466400127FA6 /* Build configuration list for PBXNativeTarget "Example" */;
			buildPhases = (
				893611D52B65466200127FA6 /* Sources */,
				893611D62B65466200127FA6 /* Frameworks */,
				893611D72B65466200127FA6 /* Resources */,
			);
			buildRules = (
			);
			dependencies = (
			);
			name = Example;
			productName = Example;
			productReference = 893611D92B65466200127FA6 /* Example.app */;
			productType = "com.apple.product-type.application";
		};
		898EC98A2B7B843100D7DAC3 /* UIKitDemo */ = {
			isa = PBXNativeTarget;
			buildConfigurationList = 898EC99E2B7B843200D7DAC3 /* Build configuration list for PBXNativeTarget "UIKitDemo" */;
			buildPhases = (
				898EC9872B7B843100D7DAC3 /* Sources */,
				898EC9882B7B843100D7DAC3 /* Frameworks */,
				898EC9892B7B843100D7DAC3 /* Resources */,
			);
			buildRules = (
			);
			dependencies = (
			);
			name = UIKitDemo;
			productName = UIKitDemo;
			productReference = 898EC98B2B7B843100D7DAC3 /* UIKitDemo.app */;
			productType = "com.apple.product-type.application";
		};
/* End PBXNativeTarget section */

/* Begin PBXProject section */
		893611A72B65462000127FA6 /* Project object */ = {
			isa = PBXProject;
			attributes = {
				BuildIndependentTargetsInParallel = 1;
				LastSwiftUpdateCheck = 1510;
				LastUpgradeCheck = 1510;
				TargetAttributes = {
					893611AF2B65462000127FA6 = {
						CreatedOnToolsVersion = 15.1;
					};
					893611D82B65466200127FA6 = {
						CreatedOnToolsVersion = 15.1;
					};
					898EC98A2B7B843100D7DAC3 = {
						CreatedOnToolsVersion = 15.1;
					};
				};
			};
			buildConfigurationList = 893611AA2B65462000127FA6 /* Build configuration list for PBXProject "SwiftKit" */;
			compatibilityVersion = "Xcode 14.0";
			developmentRegion = en;
			hasScannedForEncodings = 0;
			knownRegions = (
				en,
				Base,
			);
			mainGroup = 893611A62B65462000127FA6;
			productRefGroup = 893611B12B65462000127FA6 /* Products */;
			projectDirPath = "";
			projectRoot = "";
			targets = (
				893611AF2B65462000127FA6 /* SwiftKit */,
				893611D82B65466200127FA6 /* Example */,
				898EC98A2B7B843100D7DAC3 /* UIKitDemo */,
			);
		};
/* End PBXProject section */

/* Begin PBXResourcesBuildPhase section */
		893611AE2B65462000127FA6 /* Resources */ = {
			isa = PBXResourcesBuildPhase;
			buildActionMask = 2147483647;
			files = (
			);
			runOnlyForDeploymentPostprocessing = 0;
		};
		893611D72B65466200127FA6 /* Resources */ = {
			isa = PBXResourcesBuildPhase;
			buildActionMask = 2147483647;
			files = (
				893611E32B65466400127FA6 /* Preview Assets.xcassets in Resources */,
				893611E02B65466400127FA6 /* Assets.xcassets in Resources */,
			);
			runOnlyForDeploymentPostprocessing = 0;
		};
		898EC9892B7B843100D7DAC3 /* Resources */ = {
			isa = PBXResourcesBuildPhase;
			buildActionMask = 2147483647;
			files = (
				898EC99A2B7B843200D7DAC3 /* LaunchScreen.storyboard in Resources */,
				898EC9972B7B843200D7DAC3 /* Assets.xcassets in Resources */,
				898EC9952B7B843100D7DAC3 /* Main.storyboard in Resources */,
			);
			runOnlyForDeploymentPostprocessing = 0;
		};
/* End PBXResourcesBuildPhase section */

/* Begin PBXSourcesBuildPhase section */
		893611AC2B65462000127FA6 /* Sources */ = {
			isa = PBXSourcesBuildPhase;
			buildActionMask = 2147483647;
			files = (
				894D51CE2B8C2A9400B96DCD /* SKSelfSizeTableView.swift in Sources */,
				893611D12B65462E00127FA6 /* Double+Convenient.swift in Sources */,
				893611CA2B65462E00127FA6 /* UIColor+Convenient.swift in Sources */,
				898EC9A02B7B857F00D7DAC3 /* Optional+Convenient.swift in Sources */,
				893611CD2B65462E00127FA6 /* String+Convenient.swift in Sources */,
				894D51D52B8C525B00B96DCD /* NotificationCenter+Convenient.swift in Sources */,
				893611D42B65462E00127FA6 /* TimeInterval+Convenient.swift in Sources */,
				893611CF2B65462E00127FA6 /* Int+Convenient.swift in Sources */,
				893611CB2B65462E00127FA6 /* UITableView+Convenient.swift in Sources */,
				8970A7232B889D02001F6A3A /* SKView.swift in Sources */,
				893611CE2B65462E00127FA6 /* Array+Convenient.swift in Sources */,
				893611D02B65462E00127FA6 /* Data+Convenient.swift in Sources */,
				893611D32B65462E00127FA6 /* Dictionary+Convenient.swift in Sources */,
				893611D22B65462E00127FA6 /* Date+Convenient.swift in Sources */,
				8970A7102B8884B5001F6A3A /* SKTableViewCell.swift in Sources */,
				898ECF642B7B8D3E00D7DAC3 /* Constants.swift in Sources */,
				8970A7122B8884CD001F6A3A /* SKTableView.swift in Sources */,
				893611CC2B65462E00127FA6 /* UICollectionView+Convenient.swift in Sources */,
				898ECF622B7B87B600D7DAC3 /* UIView+Convenient.swift in Sources */,
			);
			runOnlyForDeploymentPostprocessing = 0;
		};
		893611D52B65466200127FA6 /* Sources */ = {
			isa = PBXSourcesBuildPhase;
			buildActionMask = 2147483647;
			files = (
				893611DE2B65466200127FA6 /* ContentView.swift in Sources */,
				893611DC2B65466200127FA6 /* ExampleApp.swift in Sources */,
			);
			runOnlyForDeploymentPostprocessing = 0;
		};
		898EC9872B7B843100D7DAC3 /* Sources */ = {
			isa = PBXSourcesBuildPhase;
			buildActionMask = 2147483647;
			files = (
				898EC9922B7B843100D7DAC3 /* ViewController.swift in Sources */,
				898EC98E2B7B843100D7DAC3 /* AppDelegate.swift in Sources */,
				898EC9902B7B843100D7DAC3 /* SceneDelegate.swift in Sources */,
			);
			runOnlyForDeploymentPostprocessing = 0;
		};
/* End PBXSourcesBuildPhase section */

/* Begin PBXVariantGroup section */
		898EC9932B7B843100D7DAC3 /* Main.storyboard */ = {
			isa = PBXVariantGroup;
			children = (
				898EC9942B7B843100D7DAC3 /* Base */,
			);
			name = Main.storyboard;
			sourceTree = "<group>";
		};
		898EC9982B7B843200D7DAC3 /* LaunchScreen.storyboard */ = {
			isa = PBXVariantGroup;
			children = (
				898EC9992B7B843200D7DAC3 /* Base */,
			);
			name = LaunchScreen.storyboard;
			sourceTree = "<group>";
		};
/* End PBXVariantGroup section */

/* Begin XCBuildConfiguration section */
		893611B52B65462000127FA6 /* Debug */ = {
			isa = XCBuildConfiguration;
			buildSettings = {
				ALWAYS_SEARCH_USER_PATHS = NO;
				ASSETCATALOG_COMPILER_GENERATE_SWIFT_ASSET_SYMBOL_EXTENSIONS = YES;
				CLANG_ANALYZER_NONNULL = YES;
				CLANG_ANALYZER_NUMBER_OBJECT_CONVERSION = YES_AGGRESSIVE;
				CLANG_CXX_LANGUAGE_STANDARD = "gnu++20";
				CLANG_ENABLE_MODULES = YES;
				CLANG_ENABLE_OBJC_ARC = YES;
				CLANG_ENABLE_OBJC_WEAK = YES;
				CLANG_WARN_BLOCK_CAPTURE_AUTORELEASING = YES;
				CLANG_WARN_BOOL_CONVERSION = YES;
				CLANG_WARN_COMMA = YES;
				CLANG_WARN_CONSTANT_CONVERSION = YES;
				CLANG_WARN_DEPRECATED_OBJC_IMPLEMENTATIONS = YES;
				CLANG_WARN_DIRECT_OBJC_ISA_USAGE = YES_ERROR;
				CLANG_WARN_DOCUMENTATION_COMMENTS = YES;
				CLANG_WARN_EMPTY_BODY = YES;
				CLANG_WARN_ENUM_CONVERSION = YES;
				CLANG_WARN_INFINITE_RECURSION = YES;
				CLANG_WARN_INT_CONVERSION = YES;
				CLANG_WARN_NON_LITERAL_NULL_CONVERSION = YES;
				CLANG_WARN_OBJC_IMPLICIT_RETAIN_SELF = YES;
				CLANG_WARN_OBJC_LITERAL_CONVERSION = YES;
				CLANG_WARN_OBJC_ROOT_CLASS = YES_ERROR;
				CLANG_WARN_QUOTED_INCLUDE_IN_FRAMEWORK_HEADER = YES;
				CLANG_WARN_RANGE_LOOP_ANALYSIS = YES;
				CLANG_WARN_STRICT_PROTOTYPES = YES;
				CLANG_WARN_SUSPICIOUS_MOVE = YES;
				CLANG_WARN_UNGUARDED_AVAILABILITY = YES_AGGRESSIVE;
				CLANG_WARN_UNREACHABLE_CODE = YES;
				CLANG_WARN__DUPLICATE_METHOD_MATCH = YES;
				COPY_PHASE_STRIP = NO;
				CURRENT_PROJECT_VERSION = 1;
				DEBUG_INFORMATION_FORMAT = dwarf;
				ENABLE_STRICT_OBJC_MSGSEND = YES;
				ENABLE_TESTABILITY = YES;
				ENABLE_USER_SCRIPT_SANDBOXING = YES;
				GCC_C_LANGUAGE_STANDARD = gnu17;
				GCC_DYNAMIC_NO_PIC = NO;
				GCC_NO_COMMON_BLOCKS = YES;
				GCC_OPTIMIZATION_LEVEL = 0;
				GCC_PREPROCESSOR_DEFINITIONS = (
					"DEBUG=1",
					"$(inherited)",
				);
				GCC_WARN_64_TO_32_BIT_CONVERSION = YES;
				GCC_WARN_ABOUT_RETURN_TYPE = YES_ERROR;
				GCC_WARN_UNDECLARED_SELECTOR = YES;
				GCC_WARN_UNINITIALIZED_AUTOS = YES_AGGRESSIVE;
				GCC_WARN_UNUSED_FUNCTION = YES;
				GCC_WARN_UNUSED_VARIABLE = YES;
				IPHONEOS_DEPLOYMENT_TARGET = 17.2;
				LOCALIZATION_PREFERS_STRING_CATALOGS = YES;
				MTL_ENABLE_DEBUG_INFO = INCLUDE_SOURCE;
				MTL_FAST_MATH = YES;
				ONLY_ACTIVE_ARCH = YES;
				SDKROOT = iphoneos;
				SWIFT_ACTIVE_COMPILATION_CONDITIONS = "DEBUG $(inherited)";
				SWIFT_OPTIMIZATION_LEVEL = "-Onone";
				VERSIONING_SYSTEM = "apple-generic";
				VERSION_INFO_PREFIX = "";
			};
			name = Debug;
		};
		893611B62B65462000127FA6 /* Release */ = {
			isa = XCBuildConfiguration;
			buildSettings = {
				ALWAYS_SEARCH_USER_PATHS = NO;
				ASSETCATALOG_COMPILER_GENERATE_SWIFT_ASSET_SYMBOL_EXTENSIONS = YES;
				CLANG_ANALYZER_NONNULL = YES;
				CLANG_ANALYZER_NUMBER_OBJECT_CONVERSION = YES_AGGRESSIVE;
				CLANG_CXX_LANGUAGE_STANDARD = "gnu++20";
				CLANG_ENABLE_MODULES = YES;
				CLANG_ENABLE_OBJC_ARC = YES;
				CLANG_ENABLE_OBJC_WEAK = YES;
				CLANG_WARN_BLOCK_CAPTURE_AUTORELEASING = YES;
				CLANG_WARN_BOOL_CONVERSION = YES;
				CLANG_WARN_COMMA = YES;
				CLANG_WARN_CONSTANT_CONVERSION = YES;
				CLANG_WARN_DEPRECATED_OBJC_IMPLEMENTATIONS = YES;
				CLANG_WARN_DIRECT_OBJC_ISA_USAGE = YES_ERROR;
				CLANG_WARN_DOCUMENTATION_COMMENTS = YES;
				CLANG_WARN_EMPTY_BODY = YES;
				CLANG_WARN_ENUM_CONVERSION = YES;
				CLANG_WARN_INFINITE_RECURSION = YES;
				CLANG_WARN_INT_CONVERSION = YES;
				CLANG_WARN_NON_LITERAL_NULL_CONVERSION = YES;
				CLANG_WARN_OBJC_IMPLICIT_RETAIN_SELF = YES;
				CLANG_WARN_OBJC_LITERAL_CONVERSION = YES;
				CLANG_WARN_OBJC_ROOT_CLASS = YES_ERROR;
				CLANG_WARN_QUOTED_INCLUDE_IN_FRAMEWORK_HEADER = YES;
				CLANG_WARN_RANGE_LOOP_ANALYSIS = YES;
				CLANG_WARN_STRICT_PROTOTYPES = YES;
				CLANG_WARN_SUSPICIOUS_MOVE = YES;
				CLANG_WARN_UNGUARDED_AVAILABILITY = YES_AGGRESSIVE;
				CLANG_WARN_UNREACHABLE_CODE = YES;
				CLANG_WARN__DUPLICATE_METHOD_MATCH = YES;
				COPY_PHASE_STRIP = NO;
				CURRENT_PROJECT_VERSION = 1;
				DEBUG_INFORMATION_FORMAT = "dwarf-with-dsym";
				ENABLE_NS_ASSERTIONS = NO;
				ENABLE_STRICT_OBJC_MSGSEND = YES;
				ENABLE_USER_SCRIPT_SANDBOXING = YES;
				GCC_C_LANGUAGE_STANDARD = gnu17;
				GCC_NO_COMMON_BLOCKS = YES;
				GCC_WARN_64_TO_32_BIT_CONVERSION = YES;
				GCC_WARN_ABOUT_RETURN_TYPE = YES_ERROR;
				GCC_WARN_UNDECLARED_SELECTOR = YES;
				GCC_WARN_UNINITIALIZED_AUTOS = YES_AGGRESSIVE;
				GCC_WARN_UNUSED_FUNCTION = YES;
				GCC_WARN_UNUSED_VARIABLE = YES;
				IPHONEOS_DEPLOYMENT_TARGET = 17.2;
				LOCALIZATION_PREFERS_STRING_CATALOGS = YES;
				MTL_ENABLE_DEBUG_INFO = NO;
				MTL_FAST_MATH = YES;
				SDKROOT = iphoneos;
				SWIFT_COMPILATION_MODE = wholemodule;
				VALIDATE_PRODUCT = YES;
				VERSIONING_SYSTEM = "apple-generic";
				VERSION_INFO_PREFIX = "";
			};
			name = Release;
		};
		893611B82B65462000127FA6 /* Debug */ = {
			isa = XCBuildConfiguration;
			buildSettings = {
				CODE_SIGN_STYLE = Automatic;
				CURRENT_PROJECT_VERSION = 1;
				DEFINES_MODULE = YES;
				DEVELOPMENT_TEAM = J5FZC7U82Y;
				DYLIB_COMPATIBILITY_VERSION = 1;
				DYLIB_CURRENT_VERSION = 1;
				DYLIB_INSTALL_NAME_BASE = "@rpath";
				ENABLE_MODULE_VERIFIER = YES;
				GENERATE_INFOPLIST_FILE = YES;
				INFOPLIST_KEY_NSHumanReadableCopyright = "";
				INSTALL_PATH = "$(LOCAL_LIBRARY_DIR)/Frameworks";
				IPHONEOS_DEPLOYMENT_TARGET = 13.0;
				LD_RUNPATH_SEARCH_PATHS = (
					"$(inherited)",
					"@executable_path/Frameworks",
					"@loader_path/Frameworks",
				);
				MARKETING_VERSION = 1.0;
				MODULE_VERIFIER_SUPPORTED_LANGUAGES = "objective-c objective-c++";
				MODULE_VERIFIER_SUPPORTED_LANGUAGE_STANDARDS = "gnu17 gnu++20";
				PRODUCT_BUNDLE_IDENTIFIER = com.tool.SwiftKit;
				PRODUCT_NAME = "$(TARGET_NAME:c99extidentifier)";
				SKIP_INSTALL = YES;
				SUPPORTED_PLATFORMS = "iphoneos iphonesimulator";
				SUPPORTS_MACCATALYST = NO;
				SUPPORTS_MAC_DESIGNED_FOR_IPHONE_IPAD = NO;
				SWIFT_EMIT_LOC_STRINGS = YES;
				SWIFT_VERSION = 5.0;
				TARGETED_DEVICE_FAMILY = 1;
			};
			name = Debug;
		};
		893611B92B65462000127FA6 /* Release */ = {
			isa = XCBuildConfiguration;
			buildSettings = {
				CODE_SIGN_STYLE = Automatic;
				CURRENT_PROJECT_VERSION = 1;
				DEFINES_MODULE = YES;
				DEVELOPMENT_TEAM = J5FZC7U82Y;
				DYLIB_COMPATIBILITY_VERSION = 1;
				DYLIB_CURRENT_VERSION = 1;
				DYLIB_INSTALL_NAME_BASE = "@rpath";
				ENABLE_MODULE_VERIFIER = YES;
				GENERATE_INFOPLIST_FILE = YES;
				INFOPLIST_KEY_NSHumanReadableCopyright = "";
				INSTALL_PATH = "$(LOCAL_LIBRARY_DIR)/Frameworks";
				IPHONEOS_DEPLOYMENT_TARGET = 13.0;
				LD_RUNPATH_SEARCH_PATHS = (
					"$(inherited)",
					"@executable_path/Frameworks",
					"@loader_path/Frameworks",
				);
				MARKETING_VERSION = 1.0;
				MODULE_VERIFIER_SUPPORTED_LANGUAGES = "objective-c objective-c++";
				MODULE_VERIFIER_SUPPORTED_LANGUAGE_STANDARDS = "gnu17 gnu++20";
				PRODUCT_BUNDLE_IDENTIFIER = com.tool.SwiftKit;
				PRODUCT_NAME = "$(TARGET_NAME:c99extidentifier)";
				SKIP_INSTALL = YES;
				SUPPORTED_PLATFORMS = "iphoneos iphonesimulator";
				SUPPORTS_MACCATALYST = NO;
				SUPPORTS_MAC_DESIGNED_FOR_IPHONE_IPAD = NO;
				SWIFT_EMIT_LOC_STRINGS = YES;
				SWIFT_VERSION = 5.0;
				TARGETED_DEVICE_FAMILY = 1;
			};
			name = Release;
		};
		893611E52B65466400127FA6 /* Debug */ = {
			isa = XCBuildConfiguration;
			buildSettings = {
				ASSETCATALOG_COMPILER_APPICON_NAME = AppIcon;
				ASSETCATALOG_COMPILER_GLOBAL_ACCENT_COLOR_NAME = AccentColor;
				CODE_SIGN_STYLE = Automatic;
				CURRENT_PROJECT_VERSION = 1;
				DEVELOPMENT_ASSET_PATHS = "\"Example/Preview Content\"";
				DEVELOPMENT_TEAM = J5FZC7U82Y;
				ENABLE_PREVIEWS = YES;
				GENERATE_INFOPLIST_FILE = YES;
				INFOPLIST_KEY_UIApplicationSceneManifest_Generation = YES;
				INFOPLIST_KEY_UIApplicationSupportsIndirectInputEvents = YES;
				INFOPLIST_KEY_UILaunchScreen_Generation = YES;
				INFOPLIST_KEY_UISupportedInterfaceOrientations_iPad = "UIInterfaceOrientationPortrait UIInterfaceOrientationPortraitUpsideDown UIInterfaceOrientationLandscapeLeft UIInterfaceOrientationLandscapeRight";
				INFOPLIST_KEY_UISupportedInterfaceOrientations_iPhone = "UIInterfaceOrientationPortrait UIInterfaceOrientationLandscapeLeft UIInterfaceOrientationLandscapeRight";
				LD_RUNPATH_SEARCH_PATHS = (
					"$(inherited)",
					"@executable_path/Frameworks",
				);
				MARKETING_VERSION = 1.0;
				PRODUCT_BUNDLE_IDENTIFIER = com.tool.Example;
				PRODUCT_NAME = "$(TARGET_NAME)";
				SWIFT_EMIT_LOC_STRINGS = YES;
				SWIFT_VERSION = 5.0;
				TARGETED_DEVICE_FAMILY = "1,2";
			};
			name = Debug;
		};
		893611E62B65466400127FA6 /* Release */ = {
			isa = XCBuildConfiguration;
			buildSettings = {
				ASSETCATALOG_COMPILER_APPICON_NAME = AppIcon;
				ASSETCATALOG_COMPILER_GLOBAL_ACCENT_COLOR_NAME = AccentColor;
				CODE_SIGN_STYLE = Automatic;
				CURRENT_PROJECT_VERSION = 1;
				DEVELOPMENT_ASSET_PATHS = "\"Example/Preview Content\"";
				DEVELOPMENT_TEAM = J5FZC7U82Y;
				ENABLE_PREVIEWS = YES;
				GENERATE_INFOPLIST_FILE = YES;
				INFOPLIST_KEY_UIApplicationSceneManifest_Generation = YES;
				INFOPLIST_KEY_UIApplicationSupportsIndirectInputEvents = YES;
				INFOPLIST_KEY_UILaunchScreen_Generation = YES;
				INFOPLIST_KEY_UISupportedInterfaceOrientations_iPad = "UIInterfaceOrientationPortrait UIInterfaceOrientationPortraitUpsideDown UIInterfaceOrientationLandscapeLeft UIInterfaceOrientationLandscapeRight";
				INFOPLIST_KEY_UISupportedInterfaceOrientations_iPhone = "UIInterfaceOrientationPortrait UIInterfaceOrientationLandscapeLeft UIInterfaceOrientationLandscapeRight";
				LD_RUNPATH_SEARCH_PATHS = (
					"$(inherited)",
					"@executable_path/Frameworks",
				);
				MARKETING_VERSION = 1.0;
				PRODUCT_BUNDLE_IDENTIFIER = com.tool.Example;
				PRODUCT_NAME = "$(TARGET_NAME)";
				SWIFT_EMIT_LOC_STRINGS = YES;
				SWIFT_VERSION = 5.0;
				TARGETED_DEVICE_FAMILY = "1,2";
			};
			name = Release;
		};
		898EC99C2B7B843200D7DAC3 /* Debug */ = {
			isa = XCBuildConfiguration;
			buildSettings = {
				ASSETCATALOG_COMPILER_APPICON_NAME = AppIcon;
				ASSETCATALOG_COMPILER_GLOBAL_ACCENT_COLOR_NAME = AccentColor;
				CODE_SIGN_STYLE = Automatic;
				CURRENT_PROJECT_VERSION = 1;
				DEVELOPMENT_TEAM = J5FZC7U82Y;
				GENERATE_INFOPLIST_FILE = YES;
				INFOPLIST_FILE = UIKitDemo/Info.plist;
				INFOPLIST_KEY_UIApplicationSupportsIndirectInputEvents = YES;
				INFOPLIST_KEY_UILaunchStoryboardName = LaunchScreen;
				INFOPLIST_KEY_UIMainStoryboardFile = Main;
				INFOPLIST_KEY_UISupportedInterfaceOrientations_iPad = "UIInterfaceOrientationPortrait UIInterfaceOrientationPortraitUpsideDown UIInterfaceOrientationLandscapeLeft UIInterfaceOrientationLandscapeRight";
				INFOPLIST_KEY_UISupportedInterfaceOrientations_iPhone = "UIInterfaceOrientationPortrait UIInterfaceOrientationLandscapeLeft UIInterfaceOrientationLandscapeRight";
				LD_RUNPATH_SEARCH_PATHS = (
					"$(inherited)",
					"@executable_path/Frameworks",
				);
				MARKETING_VERSION = 1.0;
				PRODUCT_BUNDLE_IDENTIFIER = com.tool.UIKitDemo;
				PRODUCT_NAME = "$(TARGET_NAME)";
				SWIFT_EMIT_LOC_STRINGS = YES;
				SWIFT_VERSION = 5.0;
				TARGETED_DEVICE_FAMILY = "1,2";
			};
			name = Debug;
		};
		898EC99D2B7B843200D7DAC3 /* Release */ = {
			isa = XCBuildConfiguration;
			buildSettings = {
				ASSETCATALOG_COMPILER_APPICON_NAME = AppIcon;
				ASSETCATALOG_COMPILER_GLOBAL_ACCENT_COLOR_NAME = AccentColor;
				CODE_SIGN_STYLE = Automatic;
				CURRENT_PROJECT_VERSION = 1;
				DEVELOPMENT_TEAM = J5FZC7U82Y;
				GENERATE_INFOPLIST_FILE = YES;
				INFOPLIST_FILE = UIKitDemo/Info.plist;
				INFOPLIST_KEY_UIApplicationSupportsIndirectInputEvents = YES;
				INFOPLIST_KEY_UILaunchStoryboardName = LaunchScreen;
				INFOPLIST_KEY_UIMainStoryboardFile = Main;
				INFOPLIST_KEY_UISupportedInterfaceOrientations_iPad = "UIInterfaceOrientationPortrait UIInterfaceOrientationPortraitUpsideDown UIInterfaceOrientationLandscapeLeft UIInterfaceOrientationLandscapeRight";
				INFOPLIST_KEY_UISupportedInterfaceOrientations_iPhone = "UIInterfaceOrientationPortrait UIInterfaceOrientationLandscapeLeft UIInterfaceOrientationLandscapeRight";
				LD_RUNPATH_SEARCH_PATHS = (
					"$(inherited)",
					"@executable_path/Frameworks",
				);
				MARKETING_VERSION = 1.0;
				PRODUCT_BUNDLE_IDENTIFIER = com.tool.UIKitDemo;
				PRODUCT_NAME = "$(TARGET_NAME)";
				SWIFT_EMIT_LOC_STRINGS = YES;
				SWIFT_VERSION = 5.0;
				TARGETED_DEVICE_FAMILY = "1,2";
			};
			name = Release;
		};
/* End XCBuildConfiguration section */

/* Begin XCConfigurationList section */
		893611AA2B65462000127FA6 /* Build configuration list for PBXProject "SwiftKit" */ = {
			isa = XCConfigurationList;
			buildConfigurations = (
				893611B52B65462000127FA6 /* Debug */,
				893611B62B65462000127FA6 /* Release */,
			);
			defaultConfigurationIsVisible = 0;
			defaultConfigurationName = Release;
		};
		893611B72B65462000127FA6 /* Build configuration list for PBXNativeTarget "SwiftKit" */ = {
			isa = XCConfigurationList;
			buildConfigurations = (
				893611B82B65462000127FA6 /* Debug */,
				893611B92B65462000127FA6 /* Release */,
			);
			defaultConfigurationIsVisible = 0;
			defaultConfigurationName = Release;
		};
		893611E42B65466400127FA6 /* Build configuration list for PBXNativeTarget "Example" */ = {
			isa = XCConfigurationList;
			buildConfigurations = (
				893611E52B65466400127FA6 /* Debug */,
				893611E62B65466400127FA6 /* Release */,
			);
			defaultConfigurationIsVisible = 0;
			defaultConfigurationName = Release;
		};
		898EC99E2B7B843200D7DAC3 /* Build configuration list for PBXNativeTarget "UIKitDemo" */ = {
			isa = XCConfigurationList;
			buildConfigurations = (
				898EC99C2B7B843200D7DAC3 /* Debug */,
				898EC99D2B7B843200D7DAC3 /* Release */,
			);
			defaultConfigurationIsVisible = 0;
			defaultConfigurationName = Release;
		};
/* End XCConfigurationList section */
	};
	rootObject = 893611A72B65462000127FA6 /* Project object */;
}
